// !$*UTF8*$!
{
	archiveVersion = 1;
	classes = {
	};
	objectVersion = 56;
	objects = {

/* Begin PBXBuildFile section */
		351A5AAB04D5143E5F514E83 /* Pods_PhotoUploader.framework in Frameworks */ = {isa = PBXBuildFile; fileRef = E3BB1D3869395525D375DA00 /* Pods_PhotoUploader.framework */; };
		6184CD61292FE2C900F0EFA4 /* AppDelegate.swift in Sources */ = {isa = PBXBuildFile; fileRef = 6184CD60292FE2C900F0EFA4 /* AppDelegate.swift */; };
		6184CD63292FE2C900F0EFA4 /* SceneDelegate.swift in Sources */ = {isa = PBXBuildFile; fileRef = 6184CD62292FE2C900F0EFA4 /* SceneDelegate.swift */; };
		6184CD65292FE2C900F0EFA4 /* ViewController.swift in Sources */ = {isa = PBXBuildFile; fileRef = 6184CD64292FE2C900F0EFA4 /* ViewController.swift */; };
		6184CD68292FE2C900F0EFA4 /* Main.storyboard in Resources */ = {isa = PBXBuildFile; fileRef = 6184CD66292FE2C900F0EFA4 /* Main.storyboard */; };
		6184CD6A292FE2CA00F0EFA4 /* Assets.xcassets in Resources */ = {isa = PBXBuildFile; fileRef = 6184CD69292FE2CA00F0EFA4 /* Assets.xcassets */; };
		6184CD6D292FE2CA00F0EFA4 /* LaunchScreen.storyboard in Resources */ = {isa = PBXBuildFile; fileRef = 6184CD6B292FE2CA00F0EFA4 /* LaunchScreen.storyboard */; };
		6184CD75292FE53B00F0EFA4 /* GoogleService-Info.plist in Resources */ = {isa = PBXBuildFile; fileRef = 6184CD74292FE53B00F0EFA4 /* GoogleService-Info.plist */; };
/* End PBXBuildFile section */

/* Begin PBXFileReference section */
		56A1AB6145B3F3E19B5F3B30 /* Pods-PhotoUploader.release.xcconfig */ = {isa = PBXFileReference; includeInIndex = 1; lastKnownFileType = text.xcconfig; name = "Pods-PhotoUploader.release.xcconfig"; path = "Target Support Files/Pods-PhotoUploader/Pods-PhotoUploader.release.xcconfig"; sourceTree = "<group>"; };
		6184CD5D292FE2C900F0EFA4 /* PhotoUploader.app */ = {isa = PBXFileReference; explicitFileType = wrapper.application; includeInIndex = 0; path = PhotoUploader.app; sourceTree = BUILT_PRODUCTS_DIR; };
		6184CD60292FE2C900F0EFA4 /* AppDelegate.swift */ = {isa = PBXFileReference; lastKnownFileType = sourcecode.swift; path = AppDelegate.swift; sourceTree = "<group>"; };
		6184CD62292FE2C900F0EFA4 /* SceneDelegate.swift */ = {isa = PBXFileReference; lastKnownFileType = sourcecode.swift; path = SceneDelegate.swift; sourceTree = "<group>"; };
		6184CD64292FE2C900F0EFA4 /* ViewController.swift */ = {isa = PBXFileReference; lastKnownFileType = sourcecode.swift; path = ViewController.swift; sourceTree = "<group>"; };
		6184CD67292FE2C900F0EFA4 /* Base */ = {isa = PBXFileReference; lastKnownFileType = file.storyboard; name = Base; path = Base.lproj/Main.storyboard; sourceTree = "<group>"; };
		6184CD69292FE2CA00F0EFA4 /* Assets.xcassets */ = {isa = PBXFileReference; lastKnownFileType = folder.assetcatalog; path = Assets.xcassets; sourceTree = "<group>"; };
		6184CD6C292FE2CA00F0EFA4 /* Base */ = {isa = PBXFileReference; lastKnownFileType = file.storyboard; name = Base; path = Base.lproj/LaunchScreen.storyboard; sourceTree = "<group>"; };
		6184CD6E292FE2CA00F0EFA4 /* Info.plist */ = {isa = PBXFileReference; lastKnownFileType = text.plist.xml; path = Info.plist; sourceTree = "<group>"; };
		6184CD74292FE53B00F0EFA4 /* GoogleService-Info.plist */ = {isa = PBXFileReference; fileEncoding = 4; lastKnownFileType = text.plist.xml; path = "GoogleService-Info.plist"; sourceTree = "<group>"; };
		7C05C4C6D7323C68943C0FE9 /* Pods-PhotoUploader.debug.xcconfig */ = {isa = PBXFileReference; includeInIndex = 1; lastKnownFileType = text.xcconfig; name = "Pods-PhotoUploader.debug.xcconfig"; path = "Target Support Files/Pods-PhotoUploader/Pods-PhotoUploader.debug.xcconfig"; sourceTree = "<group>"; };
		E3BB1D3869395525D375DA00 /* Pods_PhotoUploader.framework */ = {isa = PBXFileReference; explicitFileType = wrapper.framework; includeInIndex = 0; path = Pods_PhotoUploader.framework; sourceTree = BUILT_PRODUCTS_DIR; };
/* End PBXFileReference section */

/* Begin PBXFrameworksBuildPhase section */
		6184CD5A292FE2C900F0EFA4 /* Frameworks */ = {
			isa = PBXFrameworksBuildPhase;
			buildActionMask = 2147483647;
			files = (
				351A5AAB04D5143E5F514E83 /* Pods_PhotoUploader.framework in Frameworks */,
			);
			runOnlyForDeploymentPostprocessing = 0;
		};
/* End PBXFrameworksBuildPhase section */

/* Begin PBXGroup section */
		4E655A54BA0844C3CC6AC97F /* Pods */ = {
			isa = PBXGroup;
			children = (
				7C05C4C6D7323C68943C0FE9 /* Pods-PhotoUploader.debug.xcconfig */,
				56A1AB6145B3F3E19B5F3B30 /* Pods-PhotoUploader.release.xcconfig */,
			);
			path = Pods;
			sourceTree = "<group>";
		};
		6184CD54292FE2C900F0EFA4 = {
			isa = PBXGroup;
			children = (
				6184CD5F292FE2C900F0EFA4 /* PhotoUploader */,
				6184CD5E292FE2C900F0EFA4 /* Products */,
				4E655A54BA0844C3CC6AC97F /* Pods */,
				FB5385C06FC4826103927DC0 /* Frameworks */,
			);
			sourceTree = "<group>";
		};
		6184CD5E292FE2C900F0EFA4 /* Products */ = {
			isa = PBXGroup;
			children = (
				6184CD5D292FE2C900F0EFA4 /* PhotoUploader.app */,
			);
			name = Products;
			sourceTree = "<group>";
		};
		6184CD5F292FE2C900F0EFA4 /* PhotoUploader */ = {
			isa = PBXGroup;
			children = (
				6184CD74292FE53B00F0EFA4 /* GoogleService-Info.plist */,
				6184CD60292FE2C900F0EFA4 /* AppDelegate.swift */,
				6184CD62292FE2C900F0EFA4 /* SceneDelegate.swift */,
				6184CD64292FE2C900F0EFA4 /* ViewController.swift */,
				6184CD66292FE2C900F0EFA4 /* Main.storyboard */,
				6184CD69292FE2CA00F0EFA4 /* Assets.xcassets */,
				6184CD6B292FE2CA00F0EFA4 /* LaunchScreen.storyboard */,
				6184CD6E292FE2CA00F0EFA4 /* Info.plist */,
			);
			path = PhotoUploader;
			sourceTree = "<group>";
		};
		FB5385C06FC4826103927DC0 /* Frameworks */ = {
			isa = PBXGroup;
			children = (
				E3BB1D3869395525D375DA00 /* Pods_PhotoUploader.framework */,
			);
			name = Frameworks;
			sourceTree = "<group>";
		};
/* End PBXGroup section */

/* Begin PBXNativeTarget section */
		6184CD5C292FE2C900F0EFA4 /* PhotoUploader */ = {
			isa = PBXNativeTarget;
			buildConfigurationList = 6184CD71292FE2CA00F0EFA4 /* Build configuration list for PBXNativeTarget "PhotoUploader" */;
			buildPhases = (
				D99B3258F314BFBB6DCD9E16 /* [CP] Check Pods Manifest.lock */,
				6184CD59292FE2C900F0EFA4 /* Sources */,
				6184CD5A292FE2C900F0EFA4 /* Frameworks */,
				6184CD5B292FE2C900F0EFA4 /* Resources */,
				84C1086167D9B92264821D37 /* [CP] Embed Pods Frameworks */,
			);
			buildRules = (
			);
			dependencies = (
			);
			name = PhotoUploader;
			productName = PhotoUploader;
			productReference = 6184CD5D292FE2C900F0EFA4 /* PhotoUploader.app */;
			productType = "com.apple.product-type.application";
		};
/* End PBXNativeTarget section */

/* Begin PBXProject section */
		6184CD55292FE2C900F0EFA4 /* Project object */ = {
			isa = PBXProject;
			attributes = {
				BuildIndependentTargetsInParallel = 1;
				LastSwiftUpdateCheck = 1410;
				LastUpgradeCheck = 1410;
				TargetAttributes = {
					6184CD5C292FE2C900F0EFA4 = {
						CreatedOnToolsVersion = 14.1;
					};
				};
			};
			buildConfigurationList = 6184CD58292FE2C900F0EFA4 /* Build configuration list for PBXProject "PhotoUploader" */;
			compatibilityVersion = "Xcode 14.0";
			developmentRegion = en;
			hasScannedForEncodings = 0;
			knownRegions = (
				en,
				Base,
			);
			mainGroup = 6184CD54292FE2C900F0EFA4;
			productRefGroup = 6184CD5E292FE2C900F0EFA4 /* Products */;
			projectDirPath = "";
			projectRoot = "";
			targets = (
				6184CD5C292FE2C900F0EFA4 /* PhotoUploader */,
			);
		};
/* End PBXProject section */

/* Begin PBXResourcesBuildPhase section */
		6184CD5B292FE2C900F0EFA4 /* Resources */ = {
			isa = PBXResourcesBuildPhase;
			buildActionMask = 2147483647;
			files = (
				6184CD6D292FE2CA00F0EFA4 /* LaunchScreen.storyboard in Resources */,
				6184CD75292FE53B00F0EFA4 /* GoogleService-Info.plist in Resources */,
				6184CD6A292FE2CA00F0EFA4 /* Assets.xcassets in Resources */,
				6184CD68292FE2C900F0EFA4 /* Main.storyboard in Resources */,
			);
			runOnlyForDeploymentPostprocessing = 0;
		};
/* End PBXResourcesBuildPhase section */

/* Begin PBXShellScriptBuildPhase section */
		84C1086167D9B92264821D37 /* [CP] Embed Pods Frameworks */ = {
			isa = PBXShellScriptBuildPhase;
			buildActionMask = 2147483647;
			files = (
			);
			inputFileListPaths = (
				"${PODS_ROOT}/Target Support Files/Pods-PhotoUploader/Pods-PhotoUploader-frameworks-${CONFIGURATION}-input-files.xcfilelist",
			);
			name = "[CP] Embed Pods Frameworks";
			outputFileListPaths = (
				"${PODS_ROOT}/Target Support Files/Pods-PhotoUploader/Pods-PhotoUploader-frameworks-${CONFIGURATION}-output-files.xcfilelist",
			);
			runOnlyForDeploymentPostprocessing = 0;
			shellPath = /bin/sh;
			shellScript = "\"${PODS_ROOT}/Target Support Files/Pods-PhotoUploader/Pods-PhotoUploader-frameworks.sh\"\n";
			showEnvVarsInLog = 0;
		};
		D99B3258F314BFBB6DCD9E16 /* [CP] Check Pods Manifest.lock */ = {
			isa = PBXShellScriptBuildPhase;
			buildActionMask = 2147483647;
			files = (
			);
			inputFileListPaths = (
			);
			inputPaths = (
				"${PODS_PODFILE_DIR_PATH}/Podfile.lock",
				"${PODS_ROOT}/Manifest.lock",
			);
			name = "[CP] Check Pods Manifest.lock";
			outputFileListPaths = (
			);
			outputPaths = (
				"$(DERIVED_FILE_DIR)/Pods-PhotoUploader-checkManifestLockResult.txt",
			);
			runOnlyForDeploymentPostprocessing = 0;
			shellPath = /bin/sh;
			shellScript = "diff \"${PODS_PODFILE_DIR_PATH}/Podfile.lock\" \"${PODS_ROOT}/Manifest.lock\" > /dev/null\nif [ $? != 0 ] ; then\n    # print error to STDERR\n    echo \"error: The sandbox is not in sync with the Podfile.lock. Run 'pod install' or update your CocoaPods installation.\" >&2\n    exit 1\nfi\n# This output is used by Xcode 'outputs' to avoid re-running this script phase.\necho \"SUCCESS\" > \"${SCRIPT_OUTPUT_FILE_0}\"\n";
			showEnvVarsInLog = 0;
		};
/* End PBXShellScriptBuildPhase section */

/* Begin PBXSourcesBuildPhase section */
		6184CD59292FE2C900F0EFA4 /* Sources */ = {
			isa = PBXSourcesBuildPhase;
			buildActionMask = 2147483647;
			files = (
				6184CD65292FE2C900F0EFA4 /* ViewController.swift in Sources */,
				6184CD61292FE2C900F0EFA4 /* AppDelegate.swift in Sources */,
				6184CD63292FE2C900F0EFA4 /* SceneDelegate.swift in Sources */,
			);
			runOnlyForDeploymentPostprocessing = 0;
		};
/* End PBXSourcesBuildPhase section */

/* Begin PBXVariantGroup section */
		6184CD66292FE2C900F0EFA4 /* Main.storyboard */ = {
			isa = PBXVariantGroup;
			children = (
				6184CD67292FE2C900F0EFA4 /* Base */,
			);
			name = Main.storyboard;
			sourceTree = "<group>";
		};
		6184CD6B292FE2CA00F0EFA4 /* LaunchScreen.storyboard */ = {
			isa = PBXVariantGroup;
			children = (
				6184CD6C292FE2CA00F0EFA4 /* Base */,
			);
			name = LaunchScreen.storyboard;
			sourceTree = "<group>";
		};
/* End PBXVariantGroup section */

/* Begin XCBuildConfiguration section */
		6184CD6F292FE2CA00F0EFA4 /* Debug */ = {
			isa = XCBuildConfiguration;
			buildSettings = {
				ALWAYS_SEARCH_USER_PATHS = NO;
				CLANG_ANALYZER_NONNULL = YES;
				CLANG_ANALYZER_NUMBER_OBJECT_CONVERSION = YES_AGGRESSIVE;
				CLANG_CXX_LANGUAGE_STANDARD = "gnu++20";
				CLANG_ENABLE_MODULES = YES;
				CLANG_ENABLE_OBJC_ARC = YES;
				CLANG_ENABLE_OBJC_WEAK = YES;
				CLANG_WARN_BLOCK_CAPTURE_AUTORELEASING = YES;
				CLANG_WARN_BOOL_CONVERSION = YES;
				CLANG_WARN_COMMA = YES;
				CLANG_WARN_CONSTANT_CONVERSION = YES;
				CLANG_WARN_DEPRECATED_OBJC_IMPLEMENTATIONS = YES;
				CLANG_WARN_DIRECT_OBJC_ISA_USAGE = YES_ERROR;
				CLANG_WARN_DOCUMENTATION_COMMENTS = YES;
				CLANG_WARN_EMPTY_BODY = YES;
				CLANG_WARN_ENUM_CONVERSION = YES;
				CLANG_WARN_INFINITE_RECURSION = YES;
				CLANG_WARN_INT_CONVERSION = YES;
				CLANG_WARN_NON_LITERAL_NULL_CONVERSION = YES;
				CLANG_WARN_OBJC_IMPLICIT_RETAIN_SELF = YES;
				CLANG_WARN_OBJC_LITERAL_CONVERSION = YES;
				CLANG_WARN_OBJC_ROOT_CLASS = YES_ERROR;
				CLANG_WARN_QUOTED_INCLUDE_IN_FRAMEWORK_HEADER = YES;
				CLANG_WARN_RANGE_LOOP_ANALYSIS = YES;
				CLANG_WARN_STRICT_PROTOTYPES = YES;
				CLANG_WARN_SUSPICIOUS_MOVE = YES;
				CLANG_WARN_UNGUARDED_AVAILABILITY = YES_AGGRESSIVE;
				CLANG_WARN_UNREACHABLE_CODE = YES;
				CLANG_WARN__DUPLICATE_METHOD_MATCH = YES;
				COPY_PHASE_STRIP = NO;
				DEBUG_INFORMATION_FORMAT = dwarf;
				ENABLE_STRICT_OBJC_MSGSEND = YES;
				ENABLE_TESTABILITY = YES;
				GCC_C_LANGUAGE_STANDARD = gnu11;
				GCC_DYNAMIC_NO_PIC = NO;
				GCC_NO_COMMON_BLOCKS = YES;
				GCC_OPTIMIZATION_LEVEL = 0;
				GCC_PREPROCESSOR_DEFINITIONS = (
					"DEBUG=1",
					"$(inherited)",
				);
				GCC_WARN_64_TO_32_BIT_CONVERSION = YES;
				GCC_WARN_ABOUT_RETURN_TYPE = YES_ERROR;
				GCC_WARN_UNDECLARED_SELECTOR = YES;
				GCC_WARN_UNINITIALIZED_AUTOS = YES_AGGRESSIVE;
				GCC_WARN_UNUSED_FUNCTION = YES;
				GCC_WARN_UNUSED_VARIABLE = YES;
				IPHONEOS_DEPLOYMENT_TARGET = 16.1;
				MTL_ENABLE_DEBUG_INFO = INCLUDE_SOURCE;
				MTL_FAST_MATH = YES;
				ONLY_ACTIVE_ARCH = YES;
				SDKROOT = iphoneos;
				SWIFT_ACTIVE_COMPILATION_CONDITIONS = DEBUG;
				SWIFT_OPTIMIZATION_LEVEL = "-Onone";
			};
			name = Debug;
		};
		6184CD70292FE2CA00F0EFA4 /* Release */ = {
			isa = XCBuildConfiguration;
			buildSettings = {
				ALWAYS_SEARCH_USER_PATHS = NO;
				CLANG_ANALYZER_NONNULL = YES;
				CLANG_ANALYZER_NUMBER_OBJECT_CONVERSION = YES_AGGRESSIVE;
				CLANG_CXX_LANGUAGE_STANDARD = "gnu++20";
				CLANG_ENABLE_MODULES = YES;
				CLANG_ENABLE_OBJC_ARC = YES;
				CLANG_ENABLE_OBJC_WEAK = YES;
				CLANG_WARN_BLOCK_CAPTURE_AUTORELEASING = YES;
				CLANG_WARN_BOOL_CONVERSION = YES;
				CLANG_WARN_COMMA = YES;
				CLANG_WARN_CONSTANT_CONVERSION = YES;
				CLANG_WARN_DEPRECATED_OBJC_IMPLEMENTATIONS = YES;
				CLANG_WARN_DIRECT_OBJC_ISA_USAGE = YES_ERROR;
				CLANG_WARN_DOCUMENTATION_COMMENTS = YES;
				CLANG_WARN_EMPTY_BODY = YES;
				CLANG_WARN_ENUM_CONVERSION = YES;
				CLANG_WARN_INFINITE_RECURSION = YES;
				CLANG_WARN_INT_CONVERSION = YES;
				CLANG_WARN_NON_LITERAL_NULL_CONVERSION = YES;
				CLANG_WARN_OBJC_IMPLICIT_RETAIN_SELF = YES;
				CLANG_WARN_OBJC_LITERAL_CONVERSION = YES;
				CLANG_WARN_OBJC_ROOT_CLASS = YES_ERROR;
				CLANG_WARN_QUOTED_INCLUDE_IN_FRAMEWORK_HEADER = YES;
				CLANG_WARN_RANGE_LOOP_ANALYSIS = YES;
				CLANG_WARN_STRICT_PROTOTYPES = YES;
				CLANG_WARN_SUSPICIOUS_MOVE = YES;
				CLANG_WARN_UNGUARDED_AVAILABILITY = YES_AGGRESSIVE;
				CLANG_WARN_UNREACHABLE_CODE = YES;
				CLANG_WARN__DUPLICATE_METHOD_MATCH = YES;
				COPY_PHASE_STRIP = NO;
				DEBUG_INFORMATION_FORMAT = "dwarf-with-dsym";
				ENABLE_NS_ASSERTIONS = NO;
				ENABLE_STRICT_OBJC_MSGSEND = YES;
				GCC_C_LANGUAGE_STANDARD = gnu11;
				GCC_NO_COMMON_BLOCKS = YES;
				GCC_WARN_64_TO_32_BIT_CONVERSION = YES;
				GCC_WARN_ABOUT_RETURN_TYPE = YES_ERROR;
				GCC_WARN_UNDECLARED_SELECTOR = YES;
				GCC_WARN_UNINITIALIZED_AUTOS = YES_AGGRESSIVE;
				GCC_WARN_UNUSED_FUNCTION = YES;
				GCC_WARN_UNUSED_VARIABLE = YES;
				IPHONEOS_DEPLOYMENT_TARGET = 16.1;
				MTL_ENABLE_DEBUG_INFO = NO;
				MTL_FAST_MATH = YES;
				SDKROOT = iphoneos;
				SWIFT_COMPILATION_MODE = wholemodule;
				SWIFT_OPTIMIZATION_LEVEL = "-O";
				VALIDATE_PRODUCT = YES;
			};
			name = Release;
		};
		6184CD72292FE2CA00F0EFA4 /* Debug */ = {
			isa = XCBuildConfiguration;
			baseConfigurationReference = 7C05C4C6D7323C68943C0FE9 /* Pods-PhotoUploader.debug.xcconfig */;
			buildSettings = {
				ASSETCATALOG_COMPILER_APPICON_NAME = AppIcon;
				ASSETCATALOG_COMPILER_GLOBAL_ACCENT_COLOR_NAME = AccentColor;
				CODE_SIGN_STYLE = Automatic;
				CURRENT_PROJECT_VERSION = 1;
				DEVELOPMENT_TEAM = 884H42YFP2;
				GENERATE_INFOPLIST_FILE = YES;
				INFOPLIST_FILE = PhotoUploader/Info.plist;
				INFOPLIST_KEY_UIApplicationSupportsIndirectInputEvents = YES;
				INFOPLIST_KEY_UILaunchStoryboardName = LaunchScreen;
				INFOPLIST_KEY_UIMainStoryboardFile = Main;
				INFOPLIST_KEY_UISupportedInterfaceOrientations_iPad = "UIInterfaceOrientationPortrait UIInterfaceOrientationPortraitUpsideDown UIInterfaceOrientationLandscapeLeft UIInterfaceOrientationLandscapeRight";
				INFOPLIST_KEY_UISupportedInterfaceOrientations_iPhone = "UIInterfaceOrientationPortrait UIInterfaceOrientationLandscapeLeft UIInterfaceOrientationLandscapeRight";
				LD_RUNPATH_SEARCH_PATHS = (
					"$(inherited)",
					"@executable_path/Frameworks",
				);
				MARKETING_VERSION = 1.0;
				PRODUCT_BUNDLE_IDENTIFIER = com.mustafaadnantatlici.PhotoUploader;
				PRODUCT_NAME = "$(TARGET_NAME)";
				SWIFT_EMIT_LOC_STRINGS = YES;
				SWIFT_VERSION = 5.0;
				TARGETED_DEVICE_FAMILY = "1,2";
			};
			name = Debug;
		};
		6184CD73292FE2CA00F0EFA4 /* Release */ = {
			isa = XCBuildConfiguration;
			baseConfigurationReference = 56A1AB6145B3F3E19B5F3B30 /* Pods-PhotoUploader.release.xcconfig */;
			buildSettings = {
				ASSETCATALOG_COMPILER_APPICON_NAME = AppIcon;
				ASSETCATALOG_COMPILER_GLOBAL_ACCENT_COLOR_NAME = AccentColor;
				CODE_SIGN_STYLE = Automatic;
				CURRENT_PROJECT_VERSION = 1;
				DEVELOPMENT_TEAM = 884H42YFP2;
				GENERATE_INFOPLIST_FILE = YES;
				INFOPLIST_FILE = PhotoUploader/Info.plist;
				INFOPLIST_KEY_UIApplicationSupportsIndirectInputEvents = YES;
				INFOPLIST_KEY_UILaunchStoryboardName = LaunchScreen;
				INFOPLIST_KEY_UIMainStoryboardFile = Main;
				INFOPLIST_KEY_UISupportedInterfaceOrientations_iPad = "UIInterfaceOrientationPortrait UIInterfaceOrientationPortraitUpsideDown UIInterfaceOrientationLandscapeLeft UIInterfaceOrientationLandscapeRight";
				INFOPLIST_KEY_UISupportedInterfaceOrientations_iPhone = "UIInterfaceOrientationPortrait UIInterfaceOrientationLandscapeLeft UIInterfaceOrientationLandscapeRight";
				LD_RUNPATH_SEARCH_PATHS = (
					"$(inherited)",
					"@executable_path/Frameworks",
				);
				MARKETING_VERSION = 1.0;
				PRODUCT_BUNDLE_IDENTIFIER = com.mustafaadnantatlici.PhotoUploader;
				PRODUCT_NAME = "$(TARGET_NAME)";
				SWIFT_EMIT_LOC_STRINGS = YES;
				SWIFT_VERSION = 5.0;
				TARGETED_DEVICE_FAMILY = "1,2";
			};
			name = Release;
		};
/* End XCBuildConfiguration section */

/* Begin XCConfigurationList section */
		6184CD58292FE2C900F0EFA4 /* Build configuration list for PBXProject "PhotoUploader" */ = {
			isa = XCConfigurationList;
			buildConfigurations = (
				6184CD6F292FE2CA00F0EFA4 /* Debug */,
				6184CD70292FE2CA00F0EFA4 /* Release */,
			);
			defaultConfigurationIsVisible = 0;
			defaultConfigurationName = Release;
		};
		6184CD71292FE2CA00F0EFA4 /* Build configuration list for PBXNativeTarget "PhotoUploader" */ = {
			isa = XCConfigurationList;
			buildConfigurations = (
				6184CD72292FE2CA00F0EFA4 /* Debug */,
				6184CD73292FE2CA00F0EFA4 /* Release */,
			);
			defaultConfigurationIsVisible = 0;
			defaultConfigurationName = Release;
		};
/* End XCConfigurationList section */
	};
	rootObject = 6184CD55292FE2C900F0EFA4 /* Project object */;
}
